
Microsoft Visual Studio Solution File, Format Version 12.00
# Visual Studio Version 17
VisualStudioVersion = 17.2.32519.379
MinimumVisualStudioVersion = 10.0.40219.1
Project("{9A19103F-16F7-4668-BE54-9A1E7A4F7556}") = "Shared.Data", "Shared.Data\Shared.Data.csproj", "{62B98C65-2A0E-4B87-8EA9-7AF0EB51C6C1}"
EndProject
Project("{9A19103F-16F7-4668-BE54-9A1E7A4F7556}") = "Shared.Utilities", "Shared.Utilities\Shared.Utilities.csproj", "{88D3BE85-1C3D-488E-A6CE-8258AE2907F2}"
EndProject
Project("{9A19103F-16F7-4668-BE54-9A1E7A4F7556}") = "Shared.ExternalServices", "Shared.ExternalServices\Shared.ExternalServices.csproj", "{2308B134-11D0-4168-92BD-F9ACDF4CB2BF}"
EndProject
Project("{9A19103F-16F7-4668-BE54-9A1E7A4F7556}") = "Wallet.Application", "Wallet.Application\Wallet.Application.csproj", "{DA8CA940-B0D6-42A2-917F-08D02D33F6A6}"
EndProject
Project("{9A19103F-16F7-4668-BE54-9A1E7A4F7556}") = "Wallet.Infrastructure", "Wallet.Infrastructure\Wallet.Infrastructure.csproj", "{58640DBE-0087-41F0-852D-C5583B9112C5}"
	ProjectSection(ProjectDependencies) = postProject
		{DA8CA940-B0D6-42A2-917F-08D02D33F6A6} = {DA8CA940-B0D6-42A2-917F-08D02D33F6A6}
	EndProjectSection
EndProject
Project("{9A19103F-16F7-4668-BE54-9A1E7A4F7556}") = "Wallet.API", "Wallet.API\Wallet.API.csproj", "{61909DB2-63ED-4FC6-83C3-1C176884803C}"
EndProject
Global
	GlobalSection(SolutionConfigurationPlatforms) = preSolution
		Debug|Any CPU = Debug|Any CPU
		Release|Any CPU = Release|Any CPU
	EndGlobalSection
	GlobalSection(ProjectConfigurationPlatforms) = postSolution
		{62B98C65-2A0E-4B87-8EA9-7AF0EB51C6C1}.Debug|Any CPU.ActiveCfg = Debug|Any CPU
		{62B98C65-2A0E-4B87-8EA9-7AF0EB51C6C1}.Debug|Any CPU.Build.0 = Debug|Any CPU
		{62B98C65-2A0E-4B87-8EA9-7AF0EB51C6C1}.Release|Any CPU.ActiveCfg = Release|Any CPU
		{62B98C65-2A0E-4B87-8EA9-7AF0EB51C6C1}.Release|Any CPU.Build.0 = Release|Any CPU
		{88D3BE85-1C3D-488E-A6CE-8258AE2907F2}.Debug|Any CPU.ActiveCfg = Debug|Any CPU
		{88D3BE85-1C3D-488E-A6CE-8258AE2907F2}.Debug|Any CPU.Build.0 = Debug|Any CPU
		{88D3BE85-1C3D-488E-A6CE-8258AE2907F2}.Release|Any CPU.ActiveCfg = Release|Any CPU
		{88D3BE85-1C3D-488E-A6CE-8258AE2907F2}.Release|Any CPU.Build.0 = Release|Any CPU
		{2308B134-11D0-4168-92BD-F9ACDF4CB2BF}.Debug|Any CPU.ActiveCfg = Debug|Any CPU
		{2308B134-11D0-4168-92BD-F9ACDF4CB2BF}.Debug|Any CPU.Build.0 = Debug|Any CPU
		{2308B134-11D0-4168-92BD-F9ACDF4CB2BF}.Release|Any CPU.ActiveCfg = Release|Any CPU
		{2308B134-11D0-4168-92BD-F9ACDF4CB2BF}.Release|Any CPU.Build.0 = Release|Any CPU
		{DA8CA940-B0D6-42A2-917F-08D02D33F6A6}.Debug|Any CPU.ActiveCfg = Debug|Any CPU
		{DA8CA940-B0D6-42A2-917F-08D02D33F6A6}.Debug|Any CPU.Build.0 = Debug|Any CPU
		{DA8CA940-B0D6-42A2-917F-08D02D33F6A6}.Release|Any CPU.ActiveCfg = Release|Any CPU
		{DA8CA940-B0D6-42A2-917F-08D02D33F6A6}.Release|Any CPU.Build.0 = Release|Any CPU
		{58640DBE-0087-41F0-852D-C5583B9112C5}.Debug|Any CPU.ActiveCfg = Debug|Any CPU
		{58640DBE-0087-41F0-852D-C5583B9112C5}.Debug|Any CPU.Build.0 = Debug|Any CPU
		{58640DBE-0087-41F0-852D-C5583B9112C5}.Release|Any CPU.ActiveCfg = Release|Any CPU
		{58640DBE-0087-41F0-852D-C5583B9112C5}.Release|Any CPU.Build.0 = Release|Any CPU
		{61909DB2-63ED-4FC6-83C3-1C176884803C}.Debug|Any CPU.ActiveCfg = Debug|Any CPU
		{61909DB2-63ED-4FC6-83C3-1C176884803C}.Debug|Any CPU.Build.0 = Debug|Any CPU
		{61909DB2-63ED-4FC6-83C3-1C176884803C}.Release|Any CPU.ActiveCfg = Release|Any CPU
		{61909DB2-63ED-4FC6-83C3-1C176884803C}.Release|Any CPU.Build.0 = Release|Any CPU
	EndGlobalSection
	GlobalSection(SolutionProperties) = preSolution
		HideSolutionNode = FALSE
	EndGlobalSection
	GlobalSection(ExtensibilityGlobals) = postSolution
		SolutionGuid = {75AEAC4A-0AFE-4D61-9384-B693BB490AE2}
	EndGlobalSection
EndGlobal
